# THIS IS AN AUTOGENERATED FILE. DO NOT EDIT THIS FILE DIRECTLY.
# yarn lockfile v1


"@types/react-native@^0.52.12":
  version "0.52.12"
  resolved "https://registry.yarnpkg.com/@types/react-native/-/react-native-0.52.12.tgz#5dc8d406f295b916e63d1dd7ae1cbc4d8c67d5c6"
  dependencies:
    "@types/react" "*"

"@types/react@*", "@types/react@^16.0.38":
  version "16.0.38"
  resolved "https://registry.yarnpkg.com/@types/react/-/react-16.0.38.tgz#76617433ea10274505f60bb86eddfdd0476ffdc2"
